
Microsoft Visual Studio Solution File, Format Version 12.00
# Visual Studio Version 17
VisualStudioVersion = 17.8.34330.188
MinimumVisualStudioVersion = 10.0.40219.1
Project("{FAE04EC0-301F-11D3-BF4B-00C04F79EFBC}") = "GreenAppV2", "GreenAppV2\GreenAppV2.csproj", "{E34C1D2B-FEE6-4221-BF94-2EB7125B8138}"
EndProject
Global
	GlobalSection(SolutionConfigurationPlatforms) = preSolution
		Debug|Any CPU = Debug|Any CPU
		Release|Any CPU = Release|Any CPU
	EndGlobalSection
	GlobalSection(ProjectConfigurationPlatforms) = postSolution
		{E34C1D2B-FEE6-4221-BF94-2EB7125B8138}.Debug|Any CPU.ActiveCfg = Debug|Any CPU
		{E34C1D2B-FEE6-4221-BF94-2EB7125B8138}.Debug|Any CPU.Build.0 = Debug|Any CPU
		{E34C1D2B-FEE6-4221-BF94-2EB7125B8138}.Release|Any CPU.ActiveCfg = Release|Any CPU
		{E34C1D2B-FEE6-4221-BF94-2EB7125B8138}.Release|Any CPU.Build.0 = Release|Any CPU
	EndGlobalSection
	GlobalSection(SolutionProperties) = preSolution
		HideSolutionNode = FALSE
	EndGlobalSection
	GlobalSection(ExtensibilityGlobals) = postSolution
		SolutionGuid = {D318BE33-B662-42DB-A701-8687A252E9AF}
	EndGlobalSection
EndGlobal
